# This file is automatically @generated by Cargo.
# It is not intended for manual editing.
version = 3

[[package]]
name = "build_dep"
version = "0.1.0"
dependencies = [
 "runtime_dep_of_build_dep",
]

[[package]]
name = "runtime_dep_of_build_dep"
version = "0.1.0"
dependencies = [
 "runtime_dep_of_runtime_dep",
]

[[package]]
name = "runtime_dep_of_runtime_dep"
version = "0.1.0"
dependencies = [
 "build_dep",
]

[[package]]
name = "top_level_crate"
version = "0.1.0"
dependencies = [
 "build_dep",
]
