# This file is automatically @generated by Cargo.
# It is not intended for manual editing.
version = 4

[[package]]
name = "dep_of_weak"
version = "0.1.0"

[[package]]
name = "disabled_dep"
version = "0.1.0"

[[package]]
name = "enabled_dep"
version = "0.1.0"

[[package]]
name = "plain_dep"
version = "0.1.0"

[[package]]
name = "renamed_dep"
version = "0.1.0"

[[package]]
name = "top_level_crate"
version = "0.1.0"
dependencies = [
 "disabled_dep",
 "enabled_dep",
 "plain_dep",
 "renamed_dep",
 "weak_dep",
]

[[package]]
name = "weak_dep"
version = "0.1.0"
dependencies = [
 "dep_of_weak",
]
